{
  "name": "@ui-platform/web-components",
  "version": "1.0.0",
  "lockfileVersion": 3,
  "requires": true,
  "packages": {
    "": {
      "name": "@ui-platform/web-components",
      "version": "1.0.0",
      "license": "MIT",
      "dependencies": {
        "lucide": "^1.7.0"
      },
      "devDependencies": {
        "@stencil/core": "^4.27.1",
        "@stencil/vitest": "^1.8.3",
        "@types/node": "^22.13.5",
        "@vitest/browser-playwright": "^4.0.0",
        "vitest": "^4.0.0"
      }
    },
    "../../node_modules/.pnpm/@stencil+core@4.43.3/node_modules/@stencil/core": {
      "version": "4.43.3",
      "dev": true,
      "license": "MIT",
      "bin": {
        "stencil": "bin/stencil"
      },
      "devDependencies": {
        "@ionic/prettier-config": "^4.0.0",
        "@jridgewell/source-map": "^0.3.6",
        "@rollup/plugin-commonjs": "28.0.2",
        "@rollup/plugin-json": "6.1.0",
        "@rollup/plugin-node-resolve": "16.0.0",
        "@rollup/plugin-replace": "6.0.2",
        "@rollup/pluginutils": "5.1.4",
        "@types/eslint": "^8.4.6",
        "@types/exit": "^0.1.31",
        "@types/fs-extra": "^11.0.0",
        "@types/graceful-fs": "^4.1.5",
        "@types/jest": "^27.0.3",
        "@types/listr": "^0.14.4",
        "@types/node": "^24.6.2",
        "@types/pixelmatch": "^5.2.4",
        "@types/pngjs": "^6.0.1",
        "@types/prompts": "^2.0.9",
        "@types/semver": "^7.3.12",
        "@types/ws": "^8.5.4",
        "@types/yarnpkg__lockfile": "^1.1.5",
        "@typescript-eslint/eslint-plugin": "^7.0.0",
        "@typescript-eslint/parser": "^7.0.0",
        "@yarnpkg/lockfile": "^1.1.0",
        "ansi-colors": "4.1.3",
        "autoprefixer": "10.4.19",
        "conventional-changelog-cli": "^5.0.0",
        "cspell": "^8.0.0",
        "css-what": "^7.0.0",
        "dts-bundle-generator": "~9.5.0",
        "esbuild": "^0.25.0",
        "esbuild-plugin-replace": "^1.4.0",
        "eslint": "^8.23.1",
        "eslint-config-prettier": "^9.0.0",
        "eslint-plugin-jest": "^28.0.0",
        "eslint-plugin-jsdoc": "^50.0.0",
        "eslint-plugin-simple-import-sort": "^12.0.0",
        "eslint-plugin-wdio": "^8.24.12",
        "execa": "9.3.0",
        "exit": "^0.1.2",
        "fs-extra": "^11.0.0",
        "glob": "10.5.0",
        "graceful-fs": "~4.2.6",
        "jest": "^27.4.5",
        "jest-cli": "^27.4.5",
        "jest-environment-node": "^27.4.4",
        "jquery": "https://github.com/jquery/jquery/tarball/c98597eaf5e144ee5e549cb41984687cd1033068",
        "listr": "^0.14.3",
        "magic-string": "^0.30.0",
        "merge-source-map": "^1.1.0",
        "mime-db": "^1.46.0",
        "minimatch": "9.0.9",
        "node-fetch": "3.3.2",
        "open": "^9.0.0",
        "open-in-editor": "2.2.0",
        "parse5": "7.2.1",
        "pixelmatch": "5.3.0",
        "postcss": "^8.2.8",
        "postcss-safe-parser": "^7.0.1",
        "postcss-selector-parser": "^7.1.0",
        "prettier": "3.3.1",
        "prompts": "2.4.2",
        "puppeteer": "^24.1.0",
        "rimraf": "^6.0.1",
        "rollup": "4.44.0",
        "semver": "^7.3.7",
        "terser": "5.37.0",
        "tsx": "^4.19.2",
        "typescript": "~5.8.3",
        "webpack": "^5.75.0",
        "ws": "8.17.1"
      },
      "engines": {
        "node": ">=16.0.0",
        "npm": ">=7.10.0"
      },
      "optionalDependencies": {
        "@rollup/rollup-darwin-arm64": "4.44.0",
        "@rollup/rollup-darwin-x64": "4.44.0",
        "@rollup/rollup-linux-arm64-gnu": "4.44.0",
        "@rollup/rollup-linux-arm64-musl": "4.44.0",
        "@rollup/rollup-linux-x64-gnu": "4.44.0",
        "@rollup/rollup-linux-x64-musl": "4.44.0",
        "@rollup/rollup-win32-arm64-msvc": "4.44.0",
        "@rollup/rollup-win32-x64-msvc": "4.44.0"
      }
    },
    "../../node_modules/.pnpm/@stencil+vitest@1.9.2_@sten_c6a1d8130a71089412e9d269c179502c/node_modules/@stencil/vitest": {
      "version": "1.9.2",
      "dev": true,
      "license": "MIT",
      "dependencies": {
        "jiti": "^2.6.1",
        "local-pkg": "^1.1.2",
        "vitest-environment-stencil": "1.9.2"
      },
      "bin": {
        "stencil-test": "dist/bin/stencil-test.js"
      },
      "devDependencies": {
        "@eslint/js": "^9.39.2",
        "@semantic-release/changelog": "^6.0.3",
        "@semantic-release/exec": "^6.0.3",
        "@semantic-release/git": "^10.0.1",
        "@stencil/core": "^4.0.0",
        "@types/node": "24.10.4",
        "@typescript-eslint/eslint-plugin": "^8.50.0",
        "@typescript-eslint/parser": "^8.50.0",
        "@vitest/coverage-v8": "^4.1.0",
        "eslint": "^9.39.2",
        "installed-check": "^9.3.0",
        "knip": "^5.76.3",
        "playwright-core": "^1.57.0",
        "prettier": "^3.7.4",
        "semantic-release": "^25.0.2",
        "typescript": "~5.8.3",
        "vitest": "^4.1.0"
      },
      "engines": {
        "node": "^20.0.0 || ^22.0.0 || >=24.0.0"
      },
      "peerDependencies": {
        "@stencil/core": "^4.0.0 || ^5.0.0-next || ^5.0.0",
        "vitest": "^4.0.0 || ^3.0.0 || ^2.0.0"
      },
      "peerDependenciesMeta": {
        "@playwright/test": {
          "optional": true
        },
        "@stencil/mock-doc": {
          "optional": true
        },
        "@vitest/browser-playwright": {
          "optional": true
        },
        "@vitest/browser-preview": {
          "optional": true
        },
        "@vitest/browser-webdriverio": {
          "optional": true
        },
        "@wdio/globals": {
          "optional": true
        },
        "happy-dom": {
          "optional": true
        },
        "jsdom": {
          "optional": true
        },
        "playwright": {
          "optional": true
        }
      }
    },
    "../../node_modules/.pnpm/@types+node@22.19.15/node_modules/@types/node": {
      "version": "22.19.15",
      "dev": true,
      "license": "MIT",
      "dependencies": {
        "undici-types": "~6.21.0"
      }
    },
    "../../node_modules/.pnpm/@vitest+browser-playwright@_716c25d319e143939bb0ac0e9e433b96/node_modules/@vitest/browser-playwright": {
      "version": "4.1.1",
      "dev": true,
      "license": "MIT",
      "dependencies": {
        "@vitest/browser": "4.1.1",
        "@vitest/mocker": "4.1.1",
        "tinyrainbow": "^3.0.3"
      },
      "devDependencies": {
        "playwright": "^1.58.2",
        "vitest": "4.1.1"
      },
      "funding": {
        "url": "https://opencollective.com/vitest"
      },
      "peerDependencies": {
        "playwright": "*",
        "vitest": "4.1.1"
      },
      "peerDependenciesMeta": {
        "playwright": {
          "optional": false
        }
      }
    },
    "../../node_modules/.pnpm/lucide@1.7.0/node_modules/lucide": {
      "version": "1.7.0",
      "license": "ISC",
      "devDependencies": {
        "@lucide/build-icons": "1.1.0",
        "@lucide/rollup-plugins": "1.0.0",
        "@lucide/shared": "1.0.0",
        "@rollup/plugin-replace": "^6.0.2",
        "@testing-library/jest-dom": "^6.8.0",
        "jest-serializer-html": "^7.1.0",
        "rollup": "^4.59.0",
        "rollup-plugin-dts": "^6.2.3",
        "typescript": "^5.8.3",
        "vite": "^7.2.4"
      }
    },
    "../../node_modules/.pnpm/vitest@4.1.1_@types+node@22_07a4bcb7f3ff2fd79011778eed865dd8/node_modules/vitest": {
      "version": "4.1.1",
      "dev": true,
      "license": "MIT",
      "dependencies": {
        "@vitest/expect": "4.1.1",
        "@vitest/mocker": "4.1.1",
        "@vitest/pretty-format": "4.1.1",
        "@vitest/runner": "4.1.1",
        "@vitest/snapshot": "4.1.1",
        "@vitest/spy": "4.1.1",
        "@vitest/utils": "4.1.1",
        "es-module-lexer": "^2.0.0",
        "expect-type": "^1.3.0",
        "magic-string": "^0.30.21",
        "obug": "^2.1.1",
        "pathe": "^2.0.3",
        "picomatch": "^4.0.3",
        "std-env": "^4.0.0-rc.1",
        "tinybench": "^2.9.0",
        "tinyexec": "^1.0.2",
        "tinyglobby": "^0.2.15",
        "tinyrainbow": "^3.0.3",
        "vite": "^6.0.0 || ^7.0.0 || ^8.0.0",
        "why-is-node-running": "^2.3.0"
      },
      "bin": {
        "vitest": "vitest.mjs"
      },
      "devDependencies": {
        "@antfu/install-pkg": "^1.1.0",
        "@bomb.sh/tab": "^0.0.14",
        "@edge-runtime/vm": "^5.0.0",
        "@jridgewell/trace-mapping": "0.3.31",
        "@opentelemetry/api": "^1.9.0",
        "@sinonjs/fake-timers": "15.0.0",
        "@types/estree": "^1.0.8",
        "@types/istanbul-lib-coverage": "^2.0.6",
        "@types/istanbul-reports": "^3.0.4",
        "@types/jsdom": "^27.0.0",
        "@types/node": "^24.12.0",
        "@types/picomatch": "^4.0.2",
        "@types/prompts": "^2.4.9",
        "@types/sinonjs__fake-timers": "^15.0.1",
        "acorn": "8.11.3",
        "acorn-walk": "^8.3.5",
        "birpc": "^4.0.0",
        "cac": "^6.7.14",
        "empathic": "^2.0.0",
        "flatted": "3.4.0",
        "happy-dom": "^20.8.3",
        "jsdom": "^27.4.0",
        "local-pkg": "^1.1.2",
        "mime": "^4.1.0",
        "prompts": "^2.4.2",
        "strip-literal": "^3.1.0",
        "tinyhighlight": "^0.3.2",
        "ws": "^8.19.0"
      },
      "engines": {
        "node": "^20.0.0 || ^22.0.0 || >=24.0.0"
      },
      "funding": {
        "url": "https://opencollective.com/vitest"
      },
      "peerDependencies": {
        "@edge-runtime/vm": "*",
        "@opentelemetry/api": "^1.9.0",
        "@types/node": "^20.0.0 || ^22.0.0 || >=24.0.0",
        "@vitest/browser-playwright": "4.1.1",
        "@vitest/browser-preview": "4.1.1",
        "@vitest/browser-webdriverio": "4.1.1",
        "@vitest/ui": "4.1.1",
        "happy-dom": "*",
        "jsdom": "*",
        "vite": "^6.0.0 || ^7.0.0 || ^8.0.0"
      },
      "peerDependenciesMeta": {
        "@edge-runtime/vm": {
          "optional": true
        },
        "@opentelemetry/api": {
          "optional": true
        },
        "@types/node": {
          "optional": true
        },
        "@vitest/browser-playwright": {
          "optional": true
        },
        "@vitest/browser-preview": {
          "optional": true
        },
        "@vitest/browser-webdriverio": {
          "optional": true
        },
        "@vitest/ui": {
          "optional": true
        },
        "happy-dom": {
          "optional": true
        },
        "jsdom": {
          "optional": true
        },
        "vite": {
          "optional": false
        }
      }
    },
    "node_modules/@stencil/core": {
      "resolved": "../../node_modules/.pnpm/@stencil+core@4.43.3/node_modules/@stencil/core",
      "link": true
    },
    "node_modules/@stencil/vitest": {
      "resolved": "../../node_modules/.pnpm/@stencil+vitest@1.9.2_@sten_c6a1d8130a71089412e9d269c179502c/node_modules/@stencil/vitest",
      "link": true
    },
    "node_modules/@types/node": {
      "resolved": "../../node_modules/.pnpm/@types+node@22.19.15/node_modules/@types/node",
      "link": true
    },
    "node_modules/@vitest/browser-playwright": {
      "resolved": "../../node_modules/.pnpm/@vitest+browser-playwright@_716c25d319e143939bb0ac0e9e433b96/node_modules/@vitest/browser-playwright",
      "link": true
    },
    "node_modules/lucide": {
      "resolved": "../../node_modules/.pnpm/lucide@1.7.0/node_modules/lucide",
      "link": true
    },
    "node_modules/vitest": {
      "resolved": "../../node_modules/.pnpm/vitest@4.1.1_@types+node@22_07a4bcb7f3ff2fd79011778eed865dd8/node_modules/vitest",
      "link": true
    }
  }
}
